
Microsoft Visual Studio Solution File, Format Version 12.00
# Visual Studio Version 16
VisualStudioVersion = 16.0.30611.23
MinimumVisualStudioVersion = 10.0.40219.1
Project("{FAE04EC0-301F-11D3-BF4B-00C04F79EFBC}") = "CSharpWithFirebase", "CSharpWithFirebase\CSharpWithFirebase.csproj", "{565B4B57-66FE-43AE-9483-0DD5A016A09C}"
EndProject
Global
	GlobalSection(SolutionConfigurationPlatforms) = preSolution
		Debug|Any CPU = Debug|Any CPU
		Release|Any CPU = Release|Any CPU
	EndGlobalSection
	GlobalSection(ProjectConfigurationPlatforms) = postSolution
		{565B4B57-66FE-43AE-9483-0DD5A016A09C}.Debug|Any CPU.ActiveCfg = Debug|Any CPU
		{565B4B57-66FE-43AE-9483-0DD5A016A09C}.Debug|Any CPU.Build.0 = Debug|Any CPU
		{565B4B57-66FE-43AE-9483-0DD5A016A09C}.Release|Any CPU.ActiveCfg = Release|Any CPU
		{565B4B57-66FE-43AE-9483-0DD5A016A09C}.Release|Any CPU.Build.0 = Release|Any CPU
	EndGlobalSection
	GlobalSection(SolutionProperties) = preSolution
		HideSolutionNode = FALSE
	EndGlobalSection
	GlobalSection(ExtensibilityGlobals) = postSolution
		SolutionGuid = {FE601EC0-6D61-4A1B-A5E0-018887D538AE}
	EndGlobalSection
EndGlobal
