
Microsoft Visual Studio Solution File, Format Version 12.00
# Visual Studio Version 16
VisualStudioVersion = 16.0.30611.23
MinimumVisualStudioVersion = 10.0.40219.1
Project("{FAE04EC0-301F-11D3-BF4B-00C04F79EFBC}") = "ConsoleWithFirebaseDatabaseDotNet", "ConsoleWithFirebaseDatabaseDotNet\ConsoleWithFirebaseDatabaseDotNet.csproj", "{45B4300E-44F4-45E7-8173-7753196BAFB7}"
EndProject
Global
	GlobalSection(SolutionConfigurationPlatforms) = preSolution
		Debug|Any CPU = Debug|Any CPU
		Release|Any CPU = Release|Any CPU
	EndGlobalSection
	GlobalSection(ProjectConfigurationPlatforms) = postSolution
		{45B4300E-44F4-45E7-8173-7753196BAFB7}.Debug|Any CPU.ActiveCfg = Debug|Any CPU
		{45B4300E-44F4-45E7-8173-7753196BAFB7}.Debug|Any CPU.Build.0 = Debug|Any CPU
		{45B4300E-44F4-45E7-8173-7753196BAFB7}.Release|Any CPU.ActiveCfg = Release|Any CPU
		{45B4300E-44F4-45E7-8173-7753196BAFB7}.Release|Any CPU.Build.0 = Release|Any CPU
	EndGlobalSection
	GlobalSection(SolutionProperties) = preSolution
		HideSolutionNode = FALSE
	EndGlobalSection
	GlobalSection(ExtensibilityGlobals) = postSolution
		SolutionGuid = {9B585F71-0E01-4121-B104-3FE9A8270A0E}
	EndGlobalSection
EndGlobal
