
Microsoft Visual Studio Solution File, Format Version 12.00
# Visual Studio Version 16
VisualStudioVersion = 16.0.30611.23
MinimumVisualStudioVersion = 10.0.40219.1
Project("{FAE04EC0-301F-11D3-BF4B-00C04F79EFBC}") = "Home_Visits_Vaccination", "Home_Visits_Vaccination\Home_Visits_Vaccination.csproj", "{B263BA83-3278-4D36-BF8E-358D59B38749}"
EndProject
Global
	GlobalSection(SolutionConfigurationPlatforms) = preSolution
		Debug|Any CPU = Debug|Any CPU
		Release|Any CPU = Release|Any CPU
	EndGlobalSection
	GlobalSection(ProjectConfigurationPlatforms) = postSolution
		{B263BA83-3278-4D36-BF8E-358D59B38749}.Debug|Any CPU.ActiveCfg = Debug|Any CPU
		{B263BA83-3278-4D36-BF8E-358D59B38749}.Debug|Any CPU.Build.0 = Debug|Any CPU
		{B263BA83-3278-4D36-BF8E-358D59B38749}.Release|Any CPU.ActiveCfg = Release|Any CPU
		{B263BA83-3278-4D36-BF8E-358D59B38749}.Release|Any CPU.Build.0 = Release|Any CPU
	EndGlobalSection
	GlobalSection(SolutionProperties) = preSolution
		HideSolutionNode = FALSE
	EndGlobalSection
	GlobalSection(ExtensibilityGlobals) = postSolution
		SolutionGuid = {F0776ED1-05B1-4B25-88BF-245FD10BE4AC}
	EndGlobalSection
EndGlobal
